# Important file
Terraform will perform the following actions:      

  # azurerm_application_insights.ai will be created
  + resource "azurerm_application_insights" "ai" { 
      + app_id                              = (known after apply)
      + application_type                    = "web"
      + connection_string                   = (sensitive value)
      + daily_data_cap_in_gb                = 100
      + disable_ip_masking                  = false
      + force_customer_storage_for_profiler = false
      + id                                  = (known after apply)
      + instrumentation_key                 = (sensitive value)
      + internet_ingestion_enabled          = true
      + internet_query_enabled              = true
      + local_authentication_disabled       = false
      + location                            = "southindia"
      + name                                = "ai-function-timer"
      + resource_group_name                 = "rg_terraform"
      + retention_in_days                   = 90
      + sampling_percentage                 = 100
      + workspace_id                        = (known after apply)
    }

  # azurerm_function_app_flex_consumption.fa will be created
  + resource "azurerm_function_app_flex_consumption" "fa" {
      + app_settings                                   = (known after apply)
      + client_certificate_enabled                     = false
      + client_certificate_mode                        = "Optional"
      + custom_domain_verification_id                  = (sensitive value)
      + default_hostname                               = (known after apply)
      + enabled                                        = true
      + hosting_environment_id                         = (known after apply)
      + https_only                                     = false
      + id                                             = (known after apply)
      + instance_memory_in_mb                          = 2048
      + kind                                           = (known after apply)
      + location                                       = "southindia"
      + maximum_instance_count                         = 100
      + name                                           = "fa-timer-fabrictosnowflake"
      + outbound_ip_address_list                       = (known after apply)
      + outbound_ip_addresses                          = (known after apply)
      + possible_outbound_ip_address_list              = (known after apply)
      + possible_outbound_ip_addresses                 = (known after apply)
      + public_network_access_enabled                  = true
      + resource_group_name                            = "rg_terraform"
      + runtime_name                                   = "python"
      + runtime_version                                = "3.12"
      + service_plan_id                                = (known after apply)
      + site_credential                                = (sensitive value)
      + storage_authentication_type                    = "UserAssignedIdentity"
      + storage_container_endpoint                     = (known after apply)
      + storage_container_type                         = "blobContainer"
      + webdeploy_publish_basic_authentication_enabled = true
      + zip_deploy_file                                = (known after apply)

      + identity {
          + identity_ids = (known after apply)
          + principal_id = (known after apply)
          + tenant_id    = (known after apply)
          + type         = "UserAssigned"
        }

      + site_config {
          + container_registry_use_managed_identity = false
          + default_documents                       = (known after apply)
          + detailed_error_logging_enabled          = (known after apply)
          + elastic_instance_minimum                = (known after apply)
          + http2_enabled                           = false
          + ip_restriction_default_action           = "Allow"
          + load_balancing_mode                     = "LeastRequests"
          + managed_pipeline_mode                   = "Integrated"
          + minimum_tls_version                     = "1.2"
          + remote_debugging_enabled                = false
          + remote_debugging_version                = (known after apply)
          + scm_ip_restriction_default_action       = "Allow"
          + scm_minimum_tls_version                 = "1.2"
          + scm_type                                = (known after apply)
          + scm_use_main_ip_restriction             = false
          + use_32_bit_worker                       = false
          + vnet_route_all_enabled                  = false
          + websockets_enabled                      = false
          + worker_count                            = (known after apply)
        }
    }

  # azurerm_role_assignment.storage_role will be created
  + resource "azurerm_role_assignment" "storage_role" {
      + condition_version                = (known after apply)
      + id                               = (known after apply)
      + name                             = (known after apply)
      + principal_id                     = (known after apply)
      + principal_type                   = (known after apply)
      + role_definition_id               = (known after apply)
      + role_definition_name             = "Storage Blob Data Contributor"
      + scope                            = (known after apply)
      + skip_service_principal_aad_check = (known after apply)
    }

  # azurerm_service_plan.asp will be created
  + resource "azurerm_service_plan" "asp" {
      + id                              = (known after apply)
      + kind                            = (known after apply)
      + location                        = "southindia"
      + maximum_elastic_worker_count    = (known after apply)
      + name                            = "asp-fabrictosnowflake-timer"
      + os_type                         = "Linux"
      + per_site_scaling_enabled        = false
      + premium_plan_auto_scale_enabled = false
      + reserved                        = (known after apply)
      + resource_group_name             = "rg_terraform"
      + sku_name                        = "FC1"
      + worker_count                    = (known after apply)
    }

  # azurerm_storage_account.sa will be created
  + resource "azurerm_storage_account" "sa" {
      + access_tier                        = (known after apply)
      + account_kind                       = "StorageV2"
      + account_replication_type           = "LRS"
      + account_tier                       = "Standard"
      + allow_nested_items_to_be_public    = true
      + cross_tenant_replication_enabled   = false
      + default_to_oauth_authentication    = false
      + dns_endpoint_type                  = "Standard"
      + https_traffic_only_enabled         = true
      + id                                 = (known after apply)
      + infrastructure_encryption_enabled  = false
      + is_hns_enabled                     = false
      + large_file_share_enabled           = (known after apply)
      + local_user_enabled                 = true
      + location                           = "southindia"
      + min_tls_version                    = "TLS1_2"
      + name                               = "safabrictosnowflake897"
      + nfsv3_enabled                      = false
      + primary_access_key                 = (sensitive value)
      + primary_blob_connection_string     = (sensitive value)
      + primary_blob_endpoint              = (known after apply)
      + primary_blob_host                  = (known after apply)
      + primary_blob_internet_endpoint     = (known after apply)
      + primary_blob_internet_host         = (known after apply)
      + primary_blob_microsoft_endpoint    = (known after apply)
      + primary_blob_microsoft_host        = (known after apply)
      + primary_connection_string          = (sensitive value)
      + primary_dfs_endpoint               = (known after apply)
      + primary_dfs_host                   = (known after apply)
      + primary_dfs_internet_endpoint      = (known after apply)
      + primary_dfs_internet_host          = (known after apply)
      + primary_dfs_microsoft_endpoint     = (known after apply)
      + primary_dfs_microsoft_host         = (known after apply)
      + primary_file_endpoint              = (known after apply)
      + primary_file_host                  = (known after apply)
      + primary_file_internet_endpoint     = (known after apply)
      + primary_file_internet_host         = (known after apply)
      + primary_file_microsoft_endpoint    = (known after apply)
      + primary_file_microsoft_host        = (known after apply)
      + primary_location                   = (known after apply)
      + primary_queue_endpoint             = (known after apply)
      + primary_queue_host                 = (known after apply)
      + primary_queue_microsoft_endpoint   = (known after apply)
      + primary_queue_microsoft_host       = (known after apply)
      + primary_table_endpoint             = (known after apply)
      + primary_table_host                 = (known after apply)
      + primary_table_microsoft_endpoint   = (known after apply)
      + primary_table_microsoft_host       = (known after apply)
      + primary_web_endpoint               = (known after apply)
      + primary_web_host                   = (known after apply)
      + primary_web_internet_endpoint      = (known after apply)
      + primary_web_internet_host          = (known after apply)
      + primary_web_microsoft_endpoint     = (known after apply)
      + primary_web_microsoft_host         = (known after apply)
      + public_network_access_enabled      = true
      + queue_encryption_key_type          = "Service"
      + resource_group_name                = "rg_terraform"
      + secondary_access_key               = (sensitive value)
      + secondary_blob_connection_string   = (sensitive value)
      + secondary_blob_endpoint            = (known after apply)
      + secondary_blob_host                = (known after apply)
      + secondary_blob_internet_endpoint   = (known after apply)
      + secondary_blob_internet_host       = (known after apply)
      + secondary_blob_microsoft_endpoint  = (known after apply)
      + secondary_blob_microsoft_host      = (known after apply)
      + secondary_connection_string        = (sensitive value)
      + secondary_dfs_endpoint             = (known after apply)
      + secondary_dfs_host                 = (known after apply)
      + secondary_dfs_internet_endpoint    = (known after apply)
      + secondary_dfs_internet_host        = (known after apply)
      + secondary_dfs_microsoft_endpoint   = (known after apply)
      + secondary_dfs_microsoft_host       = (known after apply)
      + secondary_file_endpoint            = (known after apply)
      + secondary_file_host                = (known after apply)
      + secondary_file_internet_endpoint   = (known after apply)
      + secondary_file_internet_host       = (known after apply)
      + secondary_file_microsoft_endpoint  = (known after apply)
      + secondary_file_microsoft_host      = (known after apply)
      + secondary_location                 = (known after apply)
      + secondary_queue_endpoint           = (known after apply)
      + secondary_queue_host               = (known after apply)
      + secondary_queue_microsoft_endpoint = (known after apply)
      + secondary_queue_microsoft_host     = (known after apply)
      + secondary_table_endpoint           = (known after apply)
      + secondary_table_host               = (known after apply)
      + secondary_table_microsoft_endpoint = (known after apply)
      + secondary_table_microsoft_host     = (known after apply)
      + secondary_web_endpoint             = (known after apply)
      + secondary_web_host                 = (known after apply)
      + secondary_web_internet_endpoint    = (known after apply)
      + secondary_web_internet_host        = (known after apply)
      + secondary_web_microsoft_endpoint   = (known after apply)
      + secondary_web_microsoft_host       = (known after apply)
      + sftp_enabled                       = false
      + shared_access_key_enabled          = true
      + table_encryption_key_type          = "Service"

      + blob_properties {
          + change_feed_enabled      = false
          + default_service_version  = (known after apply)
          + last_access_time_enabled = false
          + versioning_enabled       = true

          + container_delete_retention_policy {
              + days = 7
            }
        }

      + network_rules (known after apply)

      + queue_properties (known after apply)

      + routing (known after apply)

      + share_properties (known after apply)

      + static_website (known after apply)
    }

  # azurerm_storage_container.con will be created
  + resource "azurerm_storage_container" "con" {
      + container_access_type             = "private"
      + default_encryption_scope          = (known after apply)
      + encryption_scope_override_enabled = true
      + has_immutability_policy           = (known after apply)
      + has_legal_hold                    = (known after apply)
      + id                                = (known after apply)
      + metadata                          = (known after apply)
      + name                              = "confabrictosnowflake"
      + resource_manager_id               = (known after apply)
      + storage_account_id                = (known after apply)
    }

  # azurerm_user_assigned_identity.identity will be created
  + resource "azurerm_user_assigned_identity" "identity" {
      + client_id           = (known after apply)
      + id                  = (known after apply)
      + location            = "southindia"
      + name                = "id-fabrictosnowflake-timer"
      + principal_id        = (known after apply)
      + resource_group_name = "rg_terraform"
      + tenant_id           = (known after apply)
      + client_id           = (known after apply)
      + id                  = (known after apply)
      + location            = "southindia"
      + client_id           = (known after apply)
      + client_id           = (known after apply)
      + client_id           = (known after apply)
      + id                  = (known after apply)
      + location            = "southindia"
      + name                = "id-fabrictosnowflake-timer"
      + principal_id        = (known after apply)
      + resource_group_name = "rg_terraform"
      + tenant_id           = (known after apply)
    }

Plan: 7 to add, 0 to change, 0 to destroy.

───────────────────────────────────────────────────────────────────────────────────────────────────────────────

Note: You didn't use the -out option to save this plan, so Terraform can't guarantee to take exactly these
actions if you run "terraform apply" now.
PS C:\Users\Sumanth\Azurefunction_repo\terraform_scripts>






